
Microsoft Visual Studio Solution File, Format Version 12.00
# Visual Studio Version 17
VisualStudioVersion = 17.6.33801.468
MinimumVisualStudioVersion = 10.0.40219.1
Project("{FAE04EC0-301F-11D3-BF4B-00C04F79EFBC}") = "FamilyAccountingSystem", "FamilyAccountingSystem.csproj", "{2820FC22-0654-4349-B257-DFC190659D2F}"
EndProject
Global
	GlobalSection(SolutionConfigurationPlatforms) = preSolution
		Debug|Any CPU = Debug|Any CPU
		Release|Any CPU = Release|Any CPU
	EndGlobalSection
	GlobalSection(ProjectConfigurationPlatforms) = postSolution
		{2820FC22-0654-4349-B257-DFC190659D2F}.Debug|Any CPU.ActiveCfg = Debug|Any CPU
		{2820FC22-0654-4349-B257-DFC190659D2F}.Debug|Any CPU.Build.0 = Debug|Any CPU
		{2820FC22-0654-4349-B257-DFC190659D2F}.Release|Any CPU.ActiveCfg = Release|Any CPU
		{2820FC22-0654-4349-B257-DFC190659D2F}.Release|Any CPU.Build.0 = Release|Any CPU
	EndGlobalSection
	GlobalSection(SolutionProperties) = preSolution
		HideSolutionNode = FALSE
	EndGlobalSection
	GlobalSection(ExtensibilityGlobals) = postSolution
		SolutionGuid = {610C41B4-03B4-4C31-A2F6-651322A1BE61}
	EndGlobalSection
EndGlobal
